
Microsoft Visual Studio Solution File, Format Version 12.00
# Visual Studio Version 17
VisualStudioVersion = 17.5.33424.131
MinimumVisualStudioVersion = 10.0.40219.1
Project("{FAE04EC0-301F-11D3-BF4B-00C04F79EFBC}") = "atividade", "atividade\atividade.csproj", "{27179FC2-197F-4FD2-9FD6-F1B564BE9315}"
EndProject
Global
	GlobalSection(SolutionConfigurationPlatforms) = preSolution
		Debug|Any CPU = Debug|Any CPU
		Release|Any CPU = Release|Any CPU
	EndGlobalSection
	GlobalSection(ProjectConfigurationPlatforms) = postSolution
		{27179FC2-197F-4FD2-9FD6-F1B564BE9315}.Debug|Any CPU.ActiveCfg = Debug|Any CPU
		{27179FC2-197F-4FD2-9FD6-F1B564BE9315}.Debug|Any CPU.Build.0 = Debug|Any CPU
		{27179FC2-197F-4FD2-9FD6-F1B564BE9315}.Release|Any CPU.ActiveCfg = Release|Any CPU
		{27179FC2-197F-4FD2-9FD6-F1B564BE9315}.Release|Any CPU.Build.0 = Release|Any CPU
	EndGlobalSection
	GlobalSection(SolutionProperties) = preSolution
		HideSolutionNode = FALSE
	EndGlobalSection
	GlobalSection(ExtensibilityGlobals) = postSolution
		SolutionGuid = {36C2CEFD-B705-470D-B735-0CC86E05134C}
	EndGlobalSection
EndGlobal
